
Microsoft Visual Studio Solution File, Format Version 12.00
# Visual Studio Version 18
VisualStudioVersion = 18.1.11312.151 d18.0
MinimumVisualStudioVersion = 10.0.40219.1
Project("{FAE04EC0-301F-11D3-BF4B-00C04F79EFBC}") = "Nphies.Core", "Nphies.Core\Nphies.Core.csproj", "{D72A9F75-FB16-4080-8B4E-B823D6C72ADF}"
EndProject
Global
	GlobalSection(SolutionConfigurationPlatforms) = preSolution
		Debug|Any CPU = Debug|Any CPU
		Release|Any CPU = Release|Any CPU
	EndGlobalSection
	GlobalSection(ProjectConfigurationPlatforms) = postSolution
		{D72A9F75-FB16-4080-8B4E-B823D6C72ADF}.Debug|Any CPU.ActiveCfg = Debug|Any CPU
		{D72A9F75-FB16-4080-8B4E-B823D6C72ADF}.Debug|Any CPU.Build.0 = Debug|Any CPU
		{D72A9F75-FB16-4080-8B4E-B823D6C72ADF}.Release|Any CPU.ActiveCfg = Release|Any CPU
		{D72A9F75-FB16-4080-8B4E-B823D6C72ADF}.Release|Any CPU.Build.0 = Release|Any CPU
	EndGlobalSection
	GlobalSection(SolutionProperties) = preSolution
		HideSolutionNode = FALSE
	EndGlobalSection
	GlobalSection(ExtensibilityGlobals) = postSolution
		SolutionGuid = {0DD7873B-FB73-42E8-AB16-D48908013831}
	EndGlobalSection
EndGlobal
